
Microsoft Visual Studio Solution File, Format Version 12.00
# Visual Studio Version 17
VisualStudioVersion = 17.14.36518.9 d17.14
MinimumVisualStudioVersion = 10.0.40219.1
Project("{FAE04EC0-301F-11D3-BF4B-00C04F79EFBC}") = "ArmstrongSzanok", "Gyakorlas\ArmstrongSzanok.csproj", "{BF8DDA65-AA8C-4128-A584-78C13D184DBA}"
EndProject
Global
	GlobalSection(SolutionConfigurationPlatforms) = preSolution
		Debug|Any CPU = Debug|Any CPU
		Release|Any CPU = Release|Any CPU
	EndGlobalSection
	GlobalSection(ProjectConfigurationPlatforms) = postSolution
		{BF8DDA65-AA8C-4128-A584-78C13D184DBA}.Debug|Any CPU.ActiveCfg = Debug|Any CPU
		{BF8DDA65-AA8C-4128-A584-78C13D184DBA}.Debug|Any CPU.Build.0 = Debug|Any CPU
		{BF8DDA65-AA8C-4128-A584-78C13D184DBA}.Release|Any CPU.ActiveCfg = Release|Any CPU
		{BF8DDA65-AA8C-4128-A584-78C13D184DBA}.Release|Any CPU.Build.0 = Release|Any CPU
	EndGlobalSection
	GlobalSection(SolutionProperties) = preSolution
		HideSolutionNode = FALSE
	EndGlobalSection
	GlobalSection(ExtensibilityGlobals) = postSolution
		SolutionGuid = {BD5ACD6B-9D4B-4F10-BEE3-1AE707174341}
	EndGlobalSection
EndGlobal
