
Microsoft Visual Studio Solution File, Format Version 12.00
# Visual Studio Version 17
VisualStudioVersion = 17.14.36518.9 d17.14
MinimumVisualStudioVersion = 10.0.40219.1
Project("{FAE04EC0-301F-11D3-BF4B-00C04F79EFBC}") = "WinFormsApp", "WinFormsApp\WinFormsApp.csproj", "{AA3B77A9-7FE1-4ED6-AA07-195A840FD23B}"
EndProject
Project("{FAE04EC0-301F-11D3-BF4B-00C04F79EFBC}") = "WindowsFormsAppDotNet", "WindowsFormsAppDotNet\WindowsFormsAppDotNet.csproj", "{528EA07C-798C-4BE5-B717-B29B48A96404}"
EndProject
Global
	GlobalSection(SolutionConfigurationPlatforms) = preSolution
		Debug|Any CPU = Debug|Any CPU
		Release|Any CPU = Release|Any CPU
	EndGlobalSection
	GlobalSection(ProjectConfigurationPlatforms) = postSolution
		{AA3B77A9-7FE1-4ED6-AA07-195A840FD23B}.Debug|Any CPU.ActiveCfg = Debug|Any CPU
		{AA3B77A9-7FE1-4ED6-AA07-195A840FD23B}.Debug|Any CPU.Build.0 = Debug|Any CPU
		{AA3B77A9-7FE1-4ED6-AA07-195A840FD23B}.Release|Any CPU.ActiveCfg = Release|Any CPU
		{AA3B77A9-7FE1-4ED6-AA07-195A840FD23B}.Release|Any CPU.Build.0 = Release|Any CPU
		{528EA07C-798C-4BE5-B717-B29B48A96404}.Debug|Any CPU.ActiveCfg = Debug|Any CPU
		{528EA07C-798C-4BE5-B717-B29B48A96404}.Debug|Any CPU.Build.0 = Debug|Any CPU
		{528EA07C-798C-4BE5-B717-B29B48A96404}.Release|Any CPU.ActiveCfg = Release|Any CPU
		{528EA07C-798C-4BE5-B717-B29B48A96404}.Release|Any CPU.Build.0 = Release|Any CPU
	EndGlobalSection
	GlobalSection(SolutionProperties) = preSolution
		HideSolutionNode = FALSE
	EndGlobalSection
	GlobalSection(ExtensibilityGlobals) = postSolution
		SolutionGuid = {EF8DF458-5139-482E-B04C-31CCBB70F39B}
	EndGlobalSection
EndGlobal
