
Microsoft Visual Studio Solution File, Format Version 12.00
# Visual Studio Version 17
VisualStudioVersion = 17.14.36518.9
MinimumVisualStudioVersion = 10.0.40219.1
Project("{FAE04EC0-301F-11D3-BF4B-00C04F79EFBC}") = "xUnitTest1", "xUnitTest1\xUnitTest1.csproj", "{467D780A-4A50-46D7-B5D2-762950D345C8}"
EndProject
Project("{FAE04EC0-301F-11D3-BF4B-00C04F79EFBC}") = "nUnitTest1", "nUnitTest1\nUnitTest1.csproj", "{1A9BCFB4-D8C6-4A21-B8EB-B53EB91CBDC1}"
EndProject
Project("{FAE04EC0-301F-11D3-BF4B-00C04F79EFBC}") = "MSTest1", "MSTest1\MSTest1.csproj", "{0ACAB2CC-64CF-428C-85BF-4635CE3C75BA}"
EndProject
Global
	GlobalSection(SolutionConfigurationPlatforms) = preSolution
		Debug|Any CPU = Debug|Any CPU
		Release|Any CPU = Release|Any CPU
	EndGlobalSection
	GlobalSection(ProjectConfigurationPlatforms) = postSolution
		{467D780A-4A50-46D7-B5D2-762950D345C8}.Debug|Any CPU.ActiveCfg = Debug|Any CPU
		{467D780A-4A50-46D7-B5D2-762950D345C8}.Debug|Any CPU.Build.0 = Debug|Any CPU
		{467D780A-4A50-46D7-B5D2-762950D345C8}.Release|Any CPU.ActiveCfg = Release|Any CPU
		{467D780A-4A50-46D7-B5D2-762950D345C8}.Release|Any CPU.Build.0 = Release|Any CPU
		{1A9BCFB4-D8C6-4A21-B8EB-B53EB91CBDC1}.Debug|Any CPU.ActiveCfg = Debug|Any CPU
		{1A9BCFB4-D8C6-4A21-B8EB-B53EB91CBDC1}.Debug|Any CPU.Build.0 = Debug|Any CPU
		{1A9BCFB4-D8C6-4A21-B8EB-B53EB91CBDC1}.Release|Any CPU.ActiveCfg = Release|Any CPU
		{1A9BCFB4-D8C6-4A21-B8EB-B53EB91CBDC1}.Release|Any CPU.Build.0 = Release|Any CPU
		{0ACAB2CC-64CF-428C-85BF-4635CE3C75BA}.Debug|Any CPU.ActiveCfg = Debug|Any CPU
		{0ACAB2CC-64CF-428C-85BF-4635CE3C75BA}.Debug|Any CPU.Build.0 = Debug|Any CPU
		{0ACAB2CC-64CF-428C-85BF-4635CE3C75BA}.Release|Any CPU.ActiveCfg = Release|Any CPU
		{0ACAB2CC-64CF-428C-85BF-4635CE3C75BA}.Release|Any CPU.Build.0 = Release|Any CPU
	EndGlobalSection
	GlobalSection(SolutionProperties) = preSolution
		HideSolutionNode = FALSE
	EndGlobalSection
	GlobalSection(ExtensibilityGlobals) = postSolution
		SolutionGuid = {7BF9CC4E-06FB-49AC-8890-A9361A57F2F6}
	EndGlobalSection
EndGlobal
